
Microsoft Visual Studio Solution File, Format Version 12.00
# Visual Studio Version 16
VisualStudioVersion = 16.0.31313.79
MinimumVisualStudioVersion = 10.0.40219.1
Project("{FAE04EC0-301F-11D3-BF4B-00C04F79EFBC}") = "FinchControl", "FinchControl\FinchControl.csproj", "{05231C3B-0927-4A91-9992-B397AAD64E36}"
EndProject
Global
	GlobalSection(SolutionConfigurationPlatforms) = preSolution
		Debug|Any CPU = Debug|Any CPU
		Release|Any CPU = Release|Any CPU
	EndGlobalSection
	GlobalSection(ProjectConfigurationPlatforms) = postSolution
		{05231C3B-0927-4A91-9992-B397AAD64E36}.Debug|Any CPU.ActiveCfg = Debug|Any CPU
		{05231C3B-0927-4A91-9992-B397AAD64E36}.Debug|Any CPU.Build.0 = Debug|Any CPU
		{05231C3B-0927-4A91-9992-B397AAD64E36}.Release|Any CPU.ActiveCfg = Release|Any CPU
		{05231C3B-0927-4A91-9992-B397AAD64E36}.Release|Any CPU.Build.0 = Release|Any CPU
	EndGlobalSection
	GlobalSection(SolutionProperties) = preSolution
		HideSolutionNode = FALSE
	EndGlobalSection
	GlobalSection(ExtensibilityGlobals) = postSolution
		SolutionGuid = {0B70834F-CC84-46D7-9F6C-8EE56BEE929E}
	EndGlobalSection
EndGlobal
